
Microsoft Visual Studio Solution File, Format Version 12.00
# Visual Studio Version 17
VisualStudioVersion = 17.1.32328.378
MinimumVisualStudioVersion = 10.0.40219.1
Project("{FAE04EC0-301F-11D3-BF4B-00C04F79EFBC}") = "AMLDeviceManager", "AMLDeviceManager\AMLDeviceManager.csproj", "{15928DE3-188E-44A5-A8B3-C90DCB106065}"
EndProject
Project("{FAE04EC0-301F-11D3-BF4B-00C04F79EFBC}") = "Api", "Api\Api.csproj", "{791DC24E-0A1D-49BE-BBFD-181FFB4E61D8}"
EndProject
Project("{FAE04EC0-301F-11D3-BF4B-00C04F79EFBC}") = "Data", "Data\Data.csproj", "{7A214D95-7F0A-4087-BF92-1D8EEAE77DB1}"
EndProject
Global
	GlobalSection(SolutionConfigurationPlatforms) = preSolution
		Debug|Any CPU = Debug|Any CPU
		Release|Any CPU = Release|Any CPU
	EndGlobalSection
	GlobalSection(ProjectConfigurationPlatforms) = postSolution
		{15928DE3-188E-44A5-A8B3-C90DCB106065}.Debug|Any CPU.ActiveCfg = Debug|Any CPU
		{15928DE3-188E-44A5-A8B3-C90DCB106065}.Debug|Any CPU.Build.0 = Debug|Any CPU
		{15928DE3-188E-44A5-A8B3-C90DCB106065}.Release|Any CPU.ActiveCfg = Release|Any CPU
		{15928DE3-188E-44A5-A8B3-C90DCB106065}.Release|Any CPU.Build.0 = Release|Any CPU
		{791DC24E-0A1D-49BE-BBFD-181FFB4E61D8}.Debug|Any CPU.ActiveCfg = Debug|Any CPU
		{791DC24E-0A1D-49BE-BBFD-181FFB4E61D8}.Debug|Any CPU.Build.0 = Debug|Any CPU
		{791DC24E-0A1D-49BE-BBFD-181FFB4E61D8}.Release|Any CPU.ActiveCfg = Release|Any CPU
		{791DC24E-0A1D-49BE-BBFD-181FFB4E61D8}.Release|Any CPU.Build.0 = Release|Any CPU
		{7A214D95-7F0A-4087-BF92-1D8EEAE77DB1}.Debug|Any CPU.ActiveCfg = Debug|Any CPU
		{7A214D95-7F0A-4087-BF92-1D8EEAE77DB1}.Debug|Any CPU.Build.0 = Debug|Any CPU
		{7A214D95-7F0A-4087-BF92-1D8EEAE77DB1}.Release|Any CPU.ActiveCfg = Release|Any CPU
		{7A214D95-7F0A-4087-BF92-1D8EEAE77DB1}.Release|Any CPU.Build.0 = Release|Any CPU
	EndGlobalSection
	GlobalSection(SolutionProperties) = preSolution
		HideSolutionNode = FALSE
	EndGlobalSection
	GlobalSection(ExtensibilityGlobals) = postSolution
		SolutionGuid = {C8556A4A-AA2A-42E8-8059-67E10F9CB8D9}
	EndGlobalSection
EndGlobal
